
Microsoft Visual Studio Solution File, Format Version 12.00
# Visual Studio Version 17
VisualStudioVersion = 17.11.35327.3
MinimumVisualStudioVersion = 10.0.40219.1
Project("{9A19103F-16F7-4668-BE54-9A1E7A4F7556}") = "bundle_renamer", "bundle stuff v2 (rewrite)\bundle_renamer.csproj", "{195F84E5-DC0C-46FE-B981-CE1D7B5307FB}"
EndProject
Global
	GlobalSection(SolutionConfigurationPlatforms) = preSolution
		Debug|Any CPU = Debug|Any CPU
		Release|Any CPU = Release|Any CPU
	EndGlobalSection
	GlobalSection(ProjectConfigurationPlatforms) = postSolution
		{195F84E5-DC0C-46FE-B981-CE1D7B5307FB}.Debug|Any CPU.ActiveCfg = Debug|Any CPU
		{195F84E5-DC0C-46FE-B981-CE1D7B5307FB}.Debug|Any CPU.Build.0 = Debug|Any CPU
		{195F84E5-DC0C-46FE-B981-CE1D7B5307FB}.Release|Any CPU.ActiveCfg = Release|Any CPU
		{195F84E5-DC0C-46FE-B981-CE1D7B5307FB}.Release|Any CPU.Build.0 = Release|Any CPU
	EndGlobalSection
	GlobalSection(SolutionProperties) = preSolution
		HideSolutionNode = FALSE
	EndGlobalSection
	GlobalSection(ExtensibilityGlobals) = postSolution
		SolutionGuid = {C227F70F-F603-4A53-8585-998FF933BD1F}
	EndGlobalSection
EndGlobal
